
Microsoft Visual Studio Solution File, Format Version 12.00
# Visual Studio Version 17
VisualStudioVersion = 17.4.33213.308
MinimumVisualStudioVersion = 10.0.40219.1
Project("{FAE04EC0-301F-11D3-BF4B-00C04F79EFBC}") = "ModellingAffine", "ModellingAffine\ModellingAffine.csproj", "{3F77B19B-FC64-40B6-B928-2E66406FEC2D}"
EndProject
Global
	GlobalSection(SolutionConfigurationPlatforms) = preSolution
		Debug|Any CPU = Debug|Any CPU
		Release|Any CPU = Release|Any CPU
	EndGlobalSection
	GlobalSection(ProjectConfigurationPlatforms) = postSolution
		{3F77B19B-FC64-40B6-B928-2E66406FEC2D}.Debug|Any CPU.ActiveCfg = Debug|Any CPU
		{3F77B19B-FC64-40B6-B928-2E66406FEC2D}.Debug|Any CPU.Build.0 = Debug|Any CPU
		{3F77B19B-FC64-40B6-B928-2E66406FEC2D}.Release|Any CPU.ActiveCfg = Release|Any CPU
		{3F77B19B-FC64-40B6-B928-2E66406FEC2D}.Release|Any CPU.Build.0 = Release|Any CPU
	EndGlobalSection
	GlobalSection(SolutionProperties) = preSolution
		HideSolutionNode = FALSE
	EndGlobalSection
	GlobalSection(ExtensibilityGlobals) = postSolution
		SolutionGuid = {10CC0B39-BD69-4089-B6C0-1DBDFFE28A8D}
	EndGlobalSection
EndGlobal
